
Microsoft Visual Studio Solution File, Format Version 12.00
# Visual Studio Version 17
VisualStudioVersion = 17.14.36429.23
MinimumVisualStudioVersion = 10.0.40219.1
Project("{2150E333-8FDC-42A3-9474-1A3956D46DE8}") = "Task0", "Task0", "{02EA681E-C7D8-13C7-8484-4AC65E1B71E8}"
EndProject
Project("{FAE04EC0-301F-11D3-BF4B-00C04F79EFBC}") = "Tyuiu.BatogovRK.Sprint0.Task0.V0", "Tyuiu.BatogovRK.Sprint0.Task0.V0\Tyuiu.BatogovRK.Sprint0.Task0.V0.csproj", "{A913FCE1-A8DE-4D70-92CD-3B21F013A51D}"
EndProject
Project("{2150E333-8FDC-42A3-9474-1A3956D46DE8}") = "Task1", "Task1", "{17DB980B-E7DF-46A1-8862-B5E64D59258C}"
EndProject
Project("{FAE04EC0-301F-11D3-BF4B-00C04F79EFBC}") = "Tyuiu.BatogovRK.Sprint0.Task1.V0", "Tyuiu.BatogovRK.Sprint0.Task1.V0\Tyuiu.BatogovRK.Sprint0.Task1.V0.csproj", "{28A84CA2-9A43-426B-A7C4-E2327E567770}"
EndProject
Project("{2150E333-8FDC-42A3-9474-1A3956D46DE8}") = "Task2", "Task2", "{C08EFE0C-39C4-4471-86AA-C3010B5AE7D1}"
EndProject
Project("{FAE04EC0-301F-11D3-BF4B-00C04F79EFBC}") = "Tyuiu.BatogovRK.Sprint0.Task2.V0", "Tyuiu.BatogovRK.Sprint0.Task2.V0\Tyuiu.BatogovRK.Sprint0.Task2.V0.csproj", "{BE3F7616-048C-461B-BAFF-BDF86C9147F2}"
EndProject
Project("{FAE04EC0-301F-11D3-BF4B-00C04F79EFBC}") = "Tyuiu.BatogovRK.Sprint0.Task2.V0.Lib", "Tyuiu.BatogovRK.Sprint0.Task2.V0.Lib\Tyuiu.BatogovRK.Sprint0.Task2.V0.Lib.csproj", "{DB131321-2E2F-49BE-A53E-0045C6C69A09}"
EndProject
Project("{FAE04EC0-301F-11D3-BF4B-00C04F79EFBC}") = "Tyuiu.BatogovRK.Sprint0.Task2.V0.Test", "Tyuiu.BatogovRK.Sprint0.Task2.V0.Test\Tyuiu.BatogovRK.Sprint0.Task2.V0.Test.csproj", "{69A56B03-A73F-4A98-95AD-BB26E504E3A0}"
EndProject
Project("{2150E333-8FDC-42A3-9474-1A3956D46DE8}") = "Task3", "Task3", "{3D362671-1632-4979-AEE9-3A6F880465E5}"
EndProject
Project("{FAE04EC0-301F-11D3-BF4B-00C04F79EFBC}") = "Tyuiu.BatogovRK.Sprint0.Task3.V0", "Tyuiu.BatogovRK.Sprint0.Task3.V0\Tyuiu.BatogovRK.Sprint0.Task3.V0.csproj", "{385AC6B1-5544-4CEC-9231-3DD2431A940C}"
EndProject
Project("{FAE04EC0-301F-11D3-BF4B-00C04F79EFBC}") = "Tyuiu.BatogovRK.Sprint0.Task3.V0.Lib", "Tyuiu.BatogovRK.Sprint0.Task3.V0.Lib\Tyuiu.BatogovRK.Sprint0.Task3.V0.Lib.csproj", "{9AE75B1A-0927-415A-A478-DF3F6052676C}"
EndProject
Project("{FAE04EC0-301F-11D3-BF4B-00C04F79EFBC}") = "Tyuiu.BatogovRK.Sprint0.Task3.V0.Test", "Tyuiu.BatogovRK.Sprint0.Task3.V0.Test\Tyuiu.BatogovRK.Sprint0.Task3.V0.Test.csproj", "{15CD681D-D5DD-4DE3-B028-D2861E049848}"
EndProject
Project("{2150E333-8FDC-42A3-9474-1A3956D46DE8}") = "Task4", "Task4", "{9BCE9282-29C3-4FD5-A4DB-F8E39B0DEC58}"
EndProject
Project("{FAE04EC0-301F-11D3-BF4B-00C04F79EFBC}") = "Tyuiu.BatogovRK.Sprint0.Task4.V0", "Tyuiu.BatogovRK.Sprint0.Task4.V0\Tyuiu.BatogovRK.Sprint0.Task4.V0.csproj", "{B6ADC2DA-C32D-4FEA-B1C5-D749903ABD82}"
EndProject
Project("{FAE04EC0-301F-11D3-BF4B-00C04F79EFBC}") = "Tyuiu.BatogovRK.Sprint0.Task4.V0.Lib", "Tyuiu.BatogovRK.Sprint0.Task4.V0.Lib\Tyuiu.BatogovRK.Sprint0.Task4.V0.Lib.csproj", "{A919D825-5FAE-411A-AA46-808A9DC49272}"
EndProject
Project("{FAE04EC0-301F-11D3-BF4B-00C04F79EFBC}") = "Tyuiu.BatogovRK.Sprint0.Task4.V0.Test", "Tyuiu.BatogovRK.Sprint0.Task4.V0.Test\Tyuiu.BatogovRK.Sprint0.Task4.V0.Test.csproj", "{BF983AD1-C222-4791-AA5E-26F81F1F3A1F}"
EndProject
Global
	GlobalSection(SolutionConfigurationPlatforms) = preSolution
		Debug|Any CPU = Debug|Any CPU
		Release|Any CPU = Release|Any CPU
	EndGlobalSection
	GlobalSection(ProjectConfigurationPlatforms) = postSolution
		{A913FCE1-A8DE-4D70-92CD-3B21F013A51D}.Debug|Any CPU.ActiveCfg = Debug|Any CPU
		{A913FCE1-A8DE-4D70-92CD-3B21F013A51D}.Debug|Any CPU.Build.0 = Debug|Any CPU
		{A913FCE1-A8DE-4D70-92CD-3B21F013A51D}.Release|Any CPU.ActiveCfg = Release|Any CPU
		{A913FCE1-A8DE-4D70-92CD-3B21F013A51D}.Release|Any CPU.Build.0 = Release|Any CPU
		{28A84CA2-9A43-426B-A7C4-E2327E567770}.Debug|Any CPU.ActiveCfg = Debug|Any CPU
		{28A84CA2-9A43-426B-A7C4-E2327E567770}.Debug|Any CPU.Build.0 = Debug|Any CPU
		{28A84CA2-9A43-426B-A7C4-E2327E567770}.Release|Any CPU.ActiveCfg = Release|Any CPU
		{28A84CA2-9A43-426B-A7C4-E2327E567770}.Release|Any CPU.Build.0 = Release|Any CPU
		{BE3F7616-048C-461B-BAFF-BDF86C9147F2}.Debug|Any CPU.ActiveCfg = Debug|Any CPU
		{BE3F7616-048C-461B-BAFF-BDF86C9147F2}.Debug|Any CPU.Build.0 = Debug|Any CPU
		{BE3F7616-048C-461B-BAFF-BDF86C9147F2}.Release|Any CPU.ActiveCfg = Release|Any CPU
		{BE3F7616-048C-461B-BAFF-BDF86C9147F2}.Release|Any CPU.Build.0 = Release|Any CPU
		{DB131321-2E2F-49BE-A53E-0045C6C69A09}.Debug|Any CPU.ActiveCfg = Debug|Any CPU
		{DB131321-2E2F-49BE-A53E-0045C6C69A09}.Debug|Any CPU.Build.0 = Debug|Any CPU
		{DB131321-2E2F-49BE-A53E-0045C6C69A09}.Release|Any CPU.ActiveCfg = Release|Any CPU
		{DB131321-2E2F-49BE-A53E-0045C6C69A09}.Release|Any CPU.Build.0 = Release|Any CPU
		{69A56B03-A73F-4A98-95AD-BB26E504E3A0}.Debug|Any CPU.ActiveCfg = Debug|Any CPU
		{69A56B03-A73F-4A98-95AD-BB26E504E3A0}.Debug|Any CPU.Build.0 = Debug|Any CPU
		{69A56B03-A73F-4A98-95AD-BB26E504E3A0}.Release|Any CPU.ActiveCfg = Release|Any CPU
		{69A56B03-A73F-4A98-95AD-BB26E504E3A0}.Release|Any CPU.Build.0 = Release|Any CPU
		{385AC6B1-5544-4CEC-9231-3DD2431A940C}.Debug|Any CPU.ActiveCfg = Debug|Any CPU
		{385AC6B1-5544-4CEC-9231-3DD2431A940C}.Debug|Any CPU.Build.0 = Debug|Any CPU
		{385AC6B1-5544-4CEC-9231-3DD2431A940C}.Release|Any CPU.ActiveCfg = Release|Any CPU
		{385AC6B1-5544-4CEC-9231-3DD2431A940C}.Release|Any CPU.Build.0 = Release|Any CPU
		{9AE75B1A-0927-415A-A478-DF3F6052676C}.Debug|Any CPU.ActiveCfg = Debug|Any CPU
		{9AE75B1A-0927-415A-A478-DF3F6052676C}.Debug|Any CPU.Build.0 = Debug|Any CPU
		{9AE75B1A-0927-415A-A478-DF3F6052676C}.Release|Any CPU.ActiveCfg = Release|Any CPU
		{9AE75B1A-0927-415A-A478-DF3F6052676C}.Release|Any CPU.Build.0 = Release|Any CPU
		{15CD681D-D5DD-4DE3-B028-D2861E049848}.Debug|Any CPU.ActiveCfg = Debug|Any CPU
		{15CD681D-D5DD-4DE3-B028-D2861E049848}.Debug|Any CPU.Build.0 = Debug|Any CPU
		{15CD681D-D5DD-4DE3-B028-D2861E049848}.Release|Any CPU.ActiveCfg = Release|Any CPU
		{15CD681D-D5DD-4DE3-B028-D2861E049848}.Release|Any CPU.Build.0 = Release|Any CPU
		{B6ADC2DA-C32D-4FEA-B1C5-D749903ABD82}.Debug|Any CPU.ActiveCfg = Debug|Any CPU
		{B6ADC2DA-C32D-4FEA-B1C5-D749903ABD82}.Debug|Any CPU.Build.0 = Debug|Any CPU
		{B6ADC2DA-C32D-4FEA-B1C5-D749903ABD82}.Release|Any CPU.ActiveCfg = Release|Any CPU
		{B6ADC2DA-C32D-4FEA-B1C5-D749903ABD82}.Release|Any CPU.Build.0 = Release|Any CPU
		{A919D825-5FAE-411A-AA46-808A9DC49272}.Debug|Any CPU.ActiveCfg = Debug|Any CPU
		{A919D825-5FAE-411A-AA46-808A9DC49272}.Debug|Any CPU.Build.0 = Debug|Any CPU
		{A919D825-5FAE-411A-AA46-808A9DC49272}.Release|Any CPU.ActiveCfg = Release|Any CPU
		{A919D825-5FAE-411A-AA46-808A9DC49272}.Release|Any CPU.Build.0 = Release|Any CPU
		{BF983AD1-C222-4791-AA5E-26F81F1F3A1F}.Debug|Any CPU.ActiveCfg = Debug|Any CPU
		{BF983AD1-C222-4791-AA5E-26F81F1F3A1F}.Debug|Any CPU.Build.0 = Debug|Any CPU
		{BF983AD1-C222-4791-AA5E-26F81F1F3A1F}.Release|Any CPU.ActiveCfg = Release|Any CPU
		{BF983AD1-C222-4791-AA5E-26F81F1F3A1F}.Release|Any CPU.Build.0 = Release|Any CPU
	EndGlobalSection
	GlobalSection(SolutionProperties) = preSolution
		HideSolutionNode = FALSE
	EndGlobalSection
	GlobalSection(NestedProjects) = preSolution
		{A913FCE1-A8DE-4D70-92CD-3B21F013A51D} = {02EA681E-C7D8-13C7-8484-4AC65E1B71E8}
		{28A84CA2-9A43-426B-A7C4-E2327E567770} = {17DB980B-E7DF-46A1-8862-B5E64D59258C}
		{BE3F7616-048C-461B-BAFF-BDF86C9147F2} = {C08EFE0C-39C4-4471-86AA-C3010B5AE7D1}
		{DB131321-2E2F-49BE-A53E-0045C6C69A09} = {C08EFE0C-39C4-4471-86AA-C3010B5AE7D1}
		{69A56B03-A73F-4A98-95AD-BB26E504E3A0} = {C08EFE0C-39C4-4471-86AA-C3010B5AE7D1}
		{385AC6B1-5544-4CEC-9231-3DD2431A940C} = {3D362671-1632-4979-AEE9-3A6F880465E5}
		{9AE75B1A-0927-415A-A478-DF3F6052676C} = {3D362671-1632-4979-AEE9-3A6F880465E5}
		{15CD681D-D5DD-4DE3-B028-D2861E049848} = {3D362671-1632-4979-AEE9-3A6F880465E5}
		{B6ADC2DA-C32D-4FEA-B1C5-D749903ABD82} = {9BCE9282-29C3-4FD5-A4DB-F8E39B0DEC58}
		{A919D825-5FAE-411A-AA46-808A9DC49272} = {9BCE9282-29C3-4FD5-A4DB-F8E39B0DEC58}
		{BF983AD1-C222-4791-AA5E-26F81F1F3A1F} = {9BCE9282-29C3-4FD5-A4DB-F8E39B0DEC58}
	EndGlobalSection
	GlobalSection(ExtensibilityGlobals) = postSolution
		SolutionGuid = {C67E3734-3FE0-4942-8EA9-B0E9A048506C}
	EndGlobalSection
EndGlobal
