
Microsoft Visual Studio Solution File, Format Version 12.00
# Visual Studio Version 17
VisualStudioVersion = 17.14.36429.23
MinimumVisualStudioVersion = 10.0.40219.1
Project("{2150E333-8FDC-42A3-9474-1A3956D46DE8}") = "Task0", "Task0", "{02EA681E-C7D8-13C7-8484-4AC65E1B71E8}"
EndProject
Project("{FAE04EC0-301F-11D3-BF4B-00C04F79EFBC}") = "Tyuiu.BatogovRK.Sprint0.Task0.V0", "Tyuiu.BatogovRK.Sprint0.Task0.V0\Tyuiu.BatogovRK.Sprint0.Task0.V0.csproj", "{A913FCE1-A8DE-4D70-92CD-3B21F013A51D}"
EndProject
Project("{2150E333-8FDC-42A3-9474-1A3956D46DE8}") = "Task1", "Task1", "{17DB980B-E7DF-46A1-8862-B5E64D59258C}"
EndProject
Project("{FAE04EC0-301F-11D3-BF4B-00C04F79EFBC}") = "Tyuiu.BatogovRK.Sprint0.Task1.V0", "Tyuiu.BatogovRK.Sprint0.Task1.V0\Tyuiu.BatogovRK.Sprint0.Task1.V0.csproj", "{28A84CA2-9A43-426B-A7C4-E2327E567770}"
EndProject
Global
	GlobalSection(SolutionConfigurationPlatforms) = preSolution
		Debug|Any CPU = Debug|Any CPU
		Release|Any CPU = Release|Any CPU
	EndGlobalSection
	GlobalSection(ProjectConfigurationPlatforms) = postSolution
		{A913FCE1-A8DE-4D70-92CD-3B21F013A51D}.Debug|Any CPU.ActiveCfg = Debug|Any CPU
		{A913FCE1-A8DE-4D70-92CD-3B21F013A51D}.Debug|Any CPU.Build.0 = Debug|Any CPU
		{A913FCE1-A8DE-4D70-92CD-3B21F013A51D}.Release|Any CPU.ActiveCfg = Release|Any CPU
		{A913FCE1-A8DE-4D70-92CD-3B21F013A51D}.Release|Any CPU.Build.0 = Release|Any CPU
		{28A84CA2-9A43-426B-A7C4-E2327E567770}.Debug|Any CPU.ActiveCfg = Debug|Any CPU
		{28A84CA2-9A43-426B-A7C4-E2327E567770}.Debug|Any CPU.Build.0 = Debug|Any CPU
		{28A84CA2-9A43-426B-A7C4-E2327E567770}.Release|Any CPU.ActiveCfg = Release|Any CPU
		{28A84CA2-9A43-426B-A7C4-E2327E567770}.Release|Any CPU.Build.0 = Release|Any CPU
	EndGlobalSection
	GlobalSection(SolutionProperties) = preSolution
		HideSolutionNode = FALSE
	EndGlobalSection
	GlobalSection(NestedProjects) = preSolution
		{A913FCE1-A8DE-4D70-92CD-3B21F013A51D} = {02EA681E-C7D8-13C7-8484-4AC65E1B71E8}
		{28A84CA2-9A43-426B-A7C4-E2327E567770} = {17DB980B-E7DF-46A1-8862-B5E64D59258C}
	EndGlobalSection
	GlobalSection(ExtensibilityGlobals) = postSolution
		SolutionGuid = {C67E3734-3FE0-4942-8EA9-B0E9A048506C}
	EndGlobalSection
EndGlobal
